
Microsoft Visual Studio Solution File, Format Version 12.00
# Visual Studio Version 16
VisualStudioVersion = 16.0.30907.101
MinimumVisualStudioVersion = 10.0.40219.1
Project("{9A19103F-16F7-4668-BE54-9A1E7A4F7556}") = "ToAC3-Converter", "ToAC3-Converter.csproj", "{FA39A428-91F8-4B2D-B605-AA59A9095C48}"
EndProject
Global
	GlobalSection(SolutionConfigurationPlatforms) = preSolution
		Debug|Any CPU = Debug|Any CPU
		Release|Any CPU = Release|Any CPU
	EndGlobalSection
	GlobalSection(ProjectConfigurationPlatforms) = postSolution
		{FA39A428-91F8-4B2D-B605-AA59A9095C48}.Debug|Any CPU.ActiveCfg = Debug|Any CPU
		{FA39A428-91F8-4B2D-B605-AA59A9095C48}.Debug|Any CPU.Build.0 = Debug|Any CPU
		{FA39A428-91F8-4B2D-B605-AA59A9095C48}.Release|Any CPU.ActiveCfg = Release|Any CPU
		{FA39A428-91F8-4B2D-B605-AA59A9095C48}.Release|Any CPU.Build.0 = Release|Any CPU
	EndGlobalSection
	GlobalSection(SolutionProperties) = preSolution
		HideSolutionNode = FALSE
	EndGlobalSection
	GlobalSection(ExtensibilityGlobals) = postSolution
		SolutionGuid = {761919C8-5829-49C6-B70B-1675D226FB06}
	EndGlobalSection
EndGlobal
